# This file is automatically @generated by Cargo.
# It is not intended for manual editing.
version = 4

[[package]]
name = "ab_glyph_rasterizer"
version = "0.1.10"
source = "registry+https://github.com/rust-lang/crates.io-index"
checksum = "366ffbaa4442f4684d91e2cd7c5ea7c4ed8add41959a31447066e279e432b618"
dependencies = [
 "libm",
]

[[package]]
name = "async-lock"
version = "3.4.1"
source = "registry+https://github.com/rust-lang/crates.io-index"
checksum = "5fd03604047cee9b6ce9de9f70c6cd540a0520c813cbd49bae61f33ab80ed1dc"
dependencies = [
 "event-listener",
 "event-listener-strategy",
 "pin-project-lite",
]

[[package]]
name = "async-task"
version = "4.7.1"
source = "registry+https://github.com/rust-lang/crates.io-index"
checksum = "8b75356056920673b02621b35afd0f7dda9306d03c79a30f5c56c44cf256e3de"

[[package]]
name = "autocfg"
version = "1.5.0"
source = "registry+https://github.com/rust-lang/crates.io-index"
checksum = "c08606f8c3cbf4ce6ec8e28fb0014a2c086708fe954eaa885384a6165172e7e8"

[[package]]
name = "autons"
version = "0.2.0"
source = "registry+https://github.com/rust-lang/crates.io-index"
checksum = "dec0ac88424da14a2a7a6adc60f451abbf28a245c2cd5708fa771ecdf3fe8ddd"
dependencies = [
 "vex-sdk",
 "vexide",
]

[[package]]
name = "az"
version = "1.2.1"
source = "registry+https://github.com/rust-lang/crates.io-index"
checksum = "7b7e4c2464d97fe331d41de9d5db0def0a96f4d823b8b32a2efd503578988973"

[[package]]
name = "bitflags"
version = "2.10.0"
source = "registry+https://github.com/rust-lang/crates.io-index"
checksum = "812e12b5285cc515a9c72a5c1d3b6d46a19dac5acfef5265968c166106e31dd3"

[[package]]
name = "buoyant"
version = "0.7.0-alpha.0"
source = "git+https://github.com/zabackary/buoyant.git?branch=patch#79104081f45dec3cc7e62adac5adebef642f1337"
dependencies = [
 "embedded-graphics",
 "embedded-graphics-core",
 "embedded-touch",
 "embedded-ttf",
 "fixed",
 "fixed-macro",
 "heapless",
 "paste",
 "rusttype",
 "u8g2-fonts",
]

[[package]]
name = "bytemuck"
version = "1.24.0"
source = "registry+https://github.com/rust-lang/crates.io-index"
checksum = "1fbdf580320f38b612e485521afda1ee26d10cc9884efaaa750d383e13e3c5f4"
dependencies = [
 "bytemuck_derive",
]

[[package]]
name = "bytemuck_derive"
version = "1.10.2"
source = "registry+https://github.com/rust-lang/crates.io-index"
checksum = "f9abbd1bc6865053c427f7198e6af43bfdedc55ab791faed4fbd361d789575ff"
dependencies = [
 "proc-macro2",
 "quote",
 "syn 2.0.87",
]

[[package]]
name = "byteorder"
version = "1.5.0"
source = "registry+https://github.com/rust-lang/crates.io-index"
checksum = "1fd0f2584146f6f2ef48085050886acf353beff7305ebd1ae69500e27c67f64b"

[[package]]
name = "cfg-if"
version = "1.0.4"
source = "registry+https://github.com/rust-lang/crates.io-index"
checksum = "9330f8b2ff13f34540b44e946ef35111825727b38d33286ef986142615121801"

[[package]]
name = "compile-time"
version = "0.2.0"
source = "registry+https://github.com/rust-lang/crates.io-index"
checksum = "e55ede5279d4d7c528906853743abeb26353ae1e6c440fcd6d18316c2c2dd903"
dependencies = [
 "once_cell",
 "proc-macro2",
 "quote",
 "rustc_version",
 "semver",
 "time",
]

[[package]]
name = "concurrent-queue"
version = "2.5.0"
source = "registry+https://github.com/rust-lang/crates.io-index"
checksum = "4ca0197aee26d1ae37445ee532fefce43251d24cc7c166799f4d46817f1d3973"
dependencies = [
 "crossbeam-utils",
]

[[package]]
name = "crossbeam-utils"
version = "0.8.21"
source = "registry+https://github.com/rust-lang/crates.io-index"
checksum = "d0a5c400df2834b80a4c3327b3aad3a4c4cd4de0629063962b03235697506a28"

[[package]]
name = "crunchy"
version = "0.2.4"
source = "registry+https://github.com/rust-lang/crates.io-index"
checksum = "460fbee9c2c2f33933d720630a6a0bac33ba7053db5344fac858d4b8952d77d5"

[[package]]
name = "deranged"
version = "0.5.5"
source = "registry+https://github.com/rust-lang/crates.io-index"
checksum = "ececcb659e7ba858fb4f10388c250a7252eb0a27373f1a72b8748afdd248e587"
dependencies = [
 "powerfmt",
]

[[package]]
name = "doxa-selector"
version = "0.3.0"
dependencies = [
 "autons",
 "buoyant",
 "embedded-graphics",
 "embedded-touch",
 "embedded-ttf",
 "log",
 "rusttype",
 "tinybmp",
 "unwrap-infallible",
 "vexide",
 "vexide-embedded-graphics",
]

[[package]]
name = "embedded-graphics"
version = "0.8.1"
source = "registry+https://github.com/rust-lang/crates.io-index"
checksum = "0649998afacf6d575d126d83e68b78c0ab0e00ca2ac7e9b3db11b4cbe8274ef0"
dependencies = [
 "az",
 "byteorder",
 "embedded-graphics-core",
 "float-cmp",
 "micromath",
]

[[package]]
name = "embedded-graphics-core"
version = "0.4.0"
source = "registry+https://github.com/rust-lang/crates.io-index"
checksum = "ba9ecd261f991856250d2207f6d8376946cd9f412a2165d3b75bc87a0bc7a044"
dependencies = [
 "az",
 "byteorder",
]

[[package]]
name = "embedded-touch"
version = "0.3.0"
source = "registry+https://github.com/rust-lang/crates.io-index"
checksum = "93d19cf3f85ec63a8bdfc213ba3e3f1375acbb4ea9322060d3dded4afa5a8d6e"
dependencies = [
 "fixed",
 "fixed-macro",
]

[[package]]
name = "embedded-ttf"
version = "0.2.2"
source = "registry+https://github.com/rust-lang/crates.io-index"
checksum = "5d26f0f428d9393d6c533d8a94bf0aadf7357991c5f5fd073c03adf938a25553"
dependencies = [
 "embedded-graphics",
 "num-traits",
 "rusttype",
]

[[package]]
name = "event-listener"
version = "5.3.1"
source = "registry+https://github.com/rust-lang/crates.io-index"
checksum = "6032be9bd27023a771701cc49f9f053c751055f71efb2e0ae5c15809093675ba"
dependencies = [
 "concurrent-queue",
 "parking",
 "pin-project-lite",
]

[[package]]
name = "event-listener-strategy"
version = "0.5.3"
source = "registry+https://github.com/rust-lang/crates.io-index"
checksum = "3c3e4e0dd3673c1139bf041f3008816d9cf2946bbfac2945c09e523b8d7b05b2"
dependencies = [
 "event-listener",
 "pin-project-lite",
]

[[package]]
name = "fixed"
version = "1.29.0"
source = "registry+https://github.com/rust-lang/crates.io-index"
checksum = "707070ccf8c4173548210893a0186e29c266901b71ed20cd9e2ca0193dfe95c3"
dependencies = [
 "az",
 "bytemuck",
 "half",
 "typenum",
]

[[package]]
name = "fixed-macro"
version = "1.2.0"
source = "registry+https://github.com/rust-lang/crates.io-index"
checksum = "1fd0c48af8cb14e02868f449f8a2187bd78af7a08da201fdc78d518ecb1675bc"
dependencies = [
 "fixed",
 "fixed-macro-impl",
 "fixed-macro-types",
]

[[package]]
name = "fixed-macro-impl"
version = "1.2.0"
source = "registry+https://github.com/rust-lang/crates.io-index"
checksum = "c93086f471c0a1b9c5e300ea92f5cd990ac6d3f8edf27616ef624b8fa6402d4b"
dependencies = [
 "fixed",
 "paste",
 "proc-macro-error",
 "proc-macro2",
 "quote",
 "syn 1.0.109",
]

[[package]]
name = "fixed-macro-types"
version = "1.2.0"
source = "registry+https://github.com/rust-lang/crates.io-index"
checksum = "044a61b034a2264a7f65aa0c3cd112a01b4d4ee58baace51fead3f21b993c7e4"
dependencies = [
 "fixed",
 "fixed-macro-impl",
]

[[package]]
name = "float-cmp"
version = "0.9.0"
source = "registry+https://github.com/rust-lang/crates.io-index"
checksum = "98de4bbd547a563b716d8dfa9aad1cb19bfab00f4fa09a6a4ed21dbcf44ce9c4"
dependencies = [
 "num-traits",
]

[[package]]
name = "futures-core"
version = "0.3.31"
source = "registry+https://github.com/rust-lang/crates.io-index"
checksum = "05f29059c0c2090612e8d742178b0580d2dc940c837851ad723096f87af6663e"

[[package]]
name = "futures-task"
version = "0.3.31"
source = "registry+https://github.com/rust-lang/crates.io-index"
checksum = "f90f7dce0722e95104fcb095585910c0977252f286e354b5e3bd38902cd99988"

[[package]]
name = "futures-util"
version = "0.3.31"
source = "registry+https://github.com/rust-lang/crates.io-index"
checksum = "9fa08315bb612088cc391249efdc3bc77536f16c91f6cf495e6fbe85b20a4a81"
dependencies = [
 "futures-core",
 "futures-task",
 "pin-project-lite",
 "pin-utils",
]

[[package]]
name = "half"
version = "2.7.1"
source = "registry+https://github.com/rust-lang/crates.io-index"
checksum = "6ea2d84b969582b4b1864a92dc5d27cd2b77b622a8d79306834f1be5ba20d84b"
dependencies = [
 "cfg-if",
 "crunchy",
 "zerocopy",
]

[[package]]
name = "hash32"
version = "0.3.1"
source = "registry+https://github.com/rust-lang/crates.io-index"
checksum = "47d60b12902ba28e2730cd37e95b8c9223af2808df9e902d4df49588d1470606"
dependencies = [
 "byteorder",
]

[[package]]
name = "heapless"
version = "0.9.2"
source = "registry+https://github.com/rust-lang/crates.io-index"
checksum = "2af2455f757db2b292a9b1768c4b70186d443bcb3b316252d6b540aec1cd89ed"
dependencies = [
 "hash32",
 "stable_deref_trait",
]

[[package]]
name = "heck"
version = "0.5.0"
source = "registry+https://github.com/rust-lang/crates.io-index"
checksum = "2304e00983f87ffb38b55b444b5e3b60a884b5d30c0fca7d82fe33449bbe55ea"

[[package]]
name = "itoa"
version = "1.0.17"
source = "registry+https://github.com/rust-lang/crates.io-index"
checksum = "92ecc6618181def0457392ccd0ee51198e065e016d1d527a7ac1b6dc7c1f09d2"

[[package]]
name = "libm"
version = "0.2.15"
source = "registry+https://github.com/rust-lang/crates.io-index"
checksum = "f9fbbcab51052fe104eb5e5d351cf728d30a5be1fe14d9be8a3b097481fb97de"

[[package]]
name = "lock_api"
version = "0.4.14"
source = "registry+https://github.com/rust-lang/crates.io-index"
checksum = "224399e74b87b5f3557511d98dff8b14089b3dadafcab6bb93eab67d3aace965"
dependencies = [
 "scopeguard",
]

[[package]]
name = "log"
version = "0.4.29"
source = "registry+https://github.com/rust-lang/crates.io-index"
checksum = "5e5032e24019045c762d3c0f28f5b6b8bbf38563a65908389bf7978758920897"

[[package]]
name = "micromath"
version = "2.1.0"
source = "registry+https://github.com/rust-lang/crates.io-index"
checksum = "c3c8dda44ff03a2f238717214da50f65d5a53b45cd213a7370424ffdb6fae815"

[[package]]
name = "mint"
version = "0.5.9"
source = "registry+https://github.com/rust-lang/crates.io-index"
checksum = "e53debba6bda7a793e5f99b8dacf19e626084f525f7829104ba9898f367d85ff"

[[package]]
name = "num-conv"
version = "0.1.0"
source = "registry+https://github.com/rust-lang/crates.io-index"
checksum = "51d515d32fb182ee37cda2ccdcb92950d6a3c2893aa280e540671c2cd0f3b1d9"

[[package]]
name = "num-traits"
version = "0.2.19"
source = "registry+https://github.com/rust-lang/crates.io-index"
checksum = "071dfc062690e90b734c0b2273ce72ad0ffa95f0c74596bc250dcfd960262841"
dependencies = [
 "autocfg",
 "libm",
]

[[package]]
name = "once_cell"
version = "1.21.3"
source = "registry+https://github.com/rust-lang/crates.io-index"
checksum = "42f5e15c9953c5e4ccceeb2e7382a716482c34515315f7b03532b8b4e8393d2d"

[[package]]
name = "owned_ttf_parser"
version = "0.15.2"
source = "registry+https://github.com/rust-lang/crates.io-index"
checksum = "05e6affeb1632d6ff6a23d2cd40ffed138e82f1532571a26f527c8a284bb2fbb"
dependencies = [
 "ttf-parser",
]

[[package]]
name = "parking"
version = "2.2.1"
source = "registry+https://github.com/rust-lang/crates.io-index"
checksum = "f38d5652c16fde515bb1ecef450ab0f6a219d619a7274976324d5e377f7dceba"

[[package]]
name = "paste"
version = "1.0.15"
source = "registry+https://github.com/rust-lang/crates.io-index"
checksum = "57c0d7b74b563b49d38dae00a0c37d4d6de9b432382b2892f0574ddcae73fd0a"

[[package]]
name = "pin-project"
version = "1.1.5"
source = "registry+https://github.com/rust-lang/crates.io-index"
checksum = "b6bf43b791c5b9e34c3d182969b4abb522f9343702850a2e57f460d00d09b4b3"
dependencies = [
 "pin-project-internal",
]

[[package]]
name = "pin-project-internal"
version = "1.1.5"
source = "registry+https://github.com/rust-lang/crates.io-index"
checksum = "2f38a4412a78282e09a2cf38d195ea5420d15ba0602cb375210efbc877243965"
dependencies = [
 "proc-macro2",
 "quote",
 "syn 2.0.87",
]

[[package]]
name = "pin-project-lite"
version = "0.2.15"
source = "registry+https://github.com/rust-lang/crates.io-index"
checksum = "915a1e146535de9163f3987b8944ed8cf49a18bb0056bcebcdcece385cece4ff"

[[package]]
name = "pin-utils"
version = "0.1.0"
source = "registry+https://github.com/rust-lang/crates.io-index"
checksum = "8b870d8c151b6f2fb93e84a13146138f05d02ed11c7e7c54f8826aaaf7c9f184"

[[package]]
name = "powerfmt"
version = "0.2.0"
source = "registry+https://github.com/rust-lang/crates.io-index"
checksum = "439ee305def115ba05938db6eb1644ff94165c5ab5e9420d1c1bcedbba909391"

[[package]]
name = "proc-macro-error"
version = "1.0.4"
source = "registry+https://github.com/rust-lang/crates.io-index"
checksum = "da25490ff9892aab3fcf7c36f08cfb902dd3e71ca0f9f9517bea02a73a5ce38c"
dependencies = [
 "proc-macro-error-attr",
 "proc-macro2",
 "quote",
 "syn 1.0.109",
 "version_check",
]

[[package]]
name = "proc-macro-error-attr"
version = "1.0.4"
source = "registry+https://github.com/rust-lang/crates.io-index"
checksum = "a1be40180e52ecc98ad80b184934baf3d0d29f979574e439af5a55274b35f869"
dependencies = [
 "proc-macro2",
 "quote",
 "version_check",
]

[[package]]
name = "proc-macro2"
version = "1.0.86"
source = "registry+https://github.com/rust-lang/crates.io-index"
checksum = "5e719e8df665df0d1c8fbfd238015744736151d4445ec0836b8e628aae103b77"
dependencies = [
 "unicode-ident",
]

[[package]]
name = "quote"
version = "1.0.36"
source = "registry+https://github.com/rust-lang/crates.io-index"
checksum = "0fa76aaf39101c457836aec0ce2316dbdc3ab723cdda1c6bd4e6ad4208acaca7"
dependencies = [
 "proc-macro2",
]

[[package]]
name = "rgb"
version = "0.8.50"
source = "registry+https://github.com/rust-lang/crates.io-index"
checksum = "57397d16646700483b67d2dd6511d79318f9d057fdbd21a4066aeac8b41d310a"
dependencies = [
 "bytemuck",
]

[[package]]
name = "rustc_version"
version = "0.4.1"
source = "registry+https://github.com/rust-lang/crates.io-index"
checksum = "cfcb3a22ef46e85b45de6ee7e79d063319ebb6594faafcf1c225ea92ab6e9b92"
dependencies = [
 "semver",
]

[[package]]
name = "rusttype"
version = "0.9.3"
source = "registry+https://github.com/rust-lang/crates.io-index"
checksum = "3ff8374aa04134254b7995b63ad3dc41c7f7236f69528b28553da7d72efaa967"
dependencies = [
 "ab_glyph_rasterizer",
 "libm",
 "owned_ttf_parser",
]

[[package]]
name = "scopeguard"
version = "1.2.0"
source = "registry+https://github.com/rust-lang/crates.io-index"
checksum = "94143f37725109f92c262ed2cf5e59bce7498c01bcc1502d7b9afe439a4e9f49"

[[package]]
name = "semver"
version = "1.0.27"
source = "registry+https://github.com/rust-lang/crates.io-index"
checksum = "d767eb0aabc880b29956c35734170f26ed551a859dbd361d140cdbeca61ab1e2"

[[package]]
name = "serde"
version = "1.0.228"
source = "registry+https://github.com/rust-lang/crates.io-index"
checksum = "9a8e94ea7f378bd32cbbd37198a4a91436180c5bb472411e48b5ec2e2124ae9e"
dependencies = [
 "serde_core",
]

[[package]]
name = "serde_core"
version = "1.0.228"
source = "registry+https://github.com/rust-lang/crates.io-index"
checksum = "41d385c7d4ca58e59fc732af25c3983b67ac852c1a25000afe1175de458b67ad"
dependencies = [
 "serde_derive",
]

[[package]]
name = "serde_derive"
version = "1.0.228"
source = "registry+https://github.com/rust-lang/crates.io-index"
checksum = "d540f220d3187173da220f885ab66608367b6574e925011a9353e4badda91d79"
dependencies = [
 "proc-macro2",
 "quote",
 "syn 2.0.87",
]

[[package]]
name = "smart-leds-trait"
version = "0.3.2"
source = "registry+https://github.com/rust-lang/crates.io-index"
checksum = "a7f4441a131924d58da6b83a7ad765c460e64630cce504376c3a87a2558c487f"
dependencies = [
 "rgb",
]

[[package]]
name = "snafu"
version = "0.8.4"
source = "registry+https://github.com/rust-lang/crates.io-index"
checksum = "2b835cb902660db3415a672d862905e791e54d306c6e8189168c7f3d9ae1c79d"
dependencies = [
 "snafu-derive",
]

[[package]]
name = "snafu-derive"
version = "0.8.4"
source = "registry+https://github.com/rust-lang/crates.io-index"
checksum = "38d1e02fca405f6280643174a50c942219f0bbf4dbf7d480f1dd864d6f211ae5"
dependencies = [
 "heck",
 "proc-macro2",
 "quote",
 "syn 2.0.87",
]

[[package]]
name = "stable_deref_trait"
version = "1.2.1"
source = "registry+https://github.com/rust-lang/crates.io-index"
checksum = "6ce2be8dc25455e1f91df71bfa12ad37d7af1092ae736f3a6cd0e37bc7810596"

[[package]]
name = "syn"
version = "1.0.109"
source = "registry+https://github.com/rust-lang/crates.io-index"
checksum = "72b64191b275b66ffe2469e8af2c1cfe3bafa67b529ead792a6d0160888b4237"
dependencies = [
 "proc-macro2",
 "quote",
 "unicode-ident",
]

[[package]]
name = "syn"
version = "2.0.87"
source = "registry+https://github.com/rust-lang/crates.io-index"
checksum = "25aa4ce346d03a6dcd68dd8b4010bcb74e54e62c90c573f394c46eae99aba32d"
dependencies = [
 "proc-macro2",
 "quote",
 "unicode-ident",
]

[[package]]
name = "talc"
version = "4.4.3"
source = "registry+https://github.com/rust-lang/crates.io-index"
checksum = "a3ae828aa394de34c7de08f522d1b86bd1c182c668d27da69caadda00590f26d"
dependencies = [
 "lock_api",
]

[[package]]
name = "time"
version = "0.3.44"
source = "registry+https://github.com/rust-lang/crates.io-index"
checksum = "91e7d9e3bb61134e77bde20dd4825b97c010155709965fedf0f49bb138e52a9d"
dependencies = [
 "deranged",
 "itoa",
 "num-conv",
 "powerfmt",
 "serde",
 "time-core",
 "time-macros",
]

[[package]]
name = "time-core"
version = "0.1.6"
source = "registry+https://github.com/rust-lang/crates.io-index"
checksum = "40868e7c1d2f0b8d73e4a8c7f0ff63af4f6d19be117e90bd73eb1d62cf831c6b"

[[package]]
name = "time-macros"
version = "0.2.24"
source = "registry+https://github.com/rust-lang/crates.io-index"
checksum = "30cfb0125f12d9c277f35663a0a33f8c30190f4e4574868a330595412d34ebf3"
dependencies = [
 "num-conv",
 "time-core",
]

[[package]]
name = "tinybmp"
version = "0.6.0"
source = "registry+https://github.com/rust-lang/crates.io-index"
checksum = "df43af2cb7b369009aa14144959bb4f2720ab62034c9073242f2d3a186c2edb6"
dependencies = [
 "embedded-graphics",
]

[[package]]
name = "ttf-parser"
version = "0.15.2"
source = "registry+https://github.com/rust-lang/crates.io-index"
checksum = "7b3e06c9b9d80ed6b745c7159c40b311ad2916abb34a49e9be2653b90db0d8dd"

[[package]]
name = "typenum"
version = "1.19.0"
source = "registry+https://github.com/rust-lang/crates.io-index"
checksum = "562d481066bde0658276a35467c4af00bdc6ee726305698a55b86e61d7ad82bb"

[[package]]
name = "u8g2-fonts"
version = "0.7.2"
source = "registry+https://github.com/rust-lang/crates.io-index"
checksum = "825f57be1429fd60f335a4aade11e128a7ae4f89d75ca3a003cb8410a91093f7"
dependencies = [
 "embedded-graphics",
 "embedded-graphics-core",
]

[[package]]
name = "unicode-ident"
version = "1.0.12"
source = "registry+https://github.com/rust-lang/crates.io-index"
checksum = "3354b9ac3fae1ff6755cb6db53683adb661634f67557942dea4facebec0fee4b"

[[package]]
name = "unwrap-infallible"
version = "1.0.0"
source = "registry+https://github.com/rust-lang/crates.io-index"
checksum = "e497bb1f828cc9fb236722c2eaa100dcf201563f38f4da6252357a59037adf31"

[[package]]
name = "version_check"
version = "0.9.5"
source = "registry+https://github.com/rust-lang/crates.io-index"
checksum = "0b928f33d975fc6ad9f86c8f283853ad26bdd5b10b7f1542aa2fa15e2289105a"

[[package]]
name = "vex-libunwind"
version = "0.3.0"
source = "registry+https://github.com/rust-lang/crates.io-index"
checksum = "c67f0c766183d5b9f18a5b2d72b4615fe54fd9fedf5f07dd455d68095942723d"
dependencies = [
 "snafu",
 "vex-libunwind-sys",
]

[[package]]
name = "vex-libunwind-sys"
version = "0.1.1"
source = "registry+https://github.com/rust-lang/crates.io-index"
checksum = "03d9beed7d21b083fd5bfdb1bebcafa539ba2584891e429f889dfa298cab858d"

[[package]]
name = "vex-sdk"
version = "0.28.0"
source = "registry+https://github.com/rust-lang/crates.io-index"
checksum = "b95fb7c2b31cb4a3e80b86ea47fc2abf21f8065dfd7d603657c44fb56d21b22d"

[[package]]
name = "vex-sdk-jumptable"
version = "0.1.1"
source = "registry+https://github.com/rust-lang/crates.io-index"
checksum = "c522b5bf978b1e816e9007b23f9d467edc14dd983133a8740069af6ce747236e"
dependencies = [
 "vex-sdk",
]

[[package]]
name = "vex-sdk-mock"
version = "0.1.0"
source = "registry+https://github.com/rust-lang/crates.io-index"
checksum = "8f5631508ce6f1e57d20d4ca59b6c2667a5d8b0e4c7a4d2b1cef7b3c1eb5ef99"
dependencies = [
 "vex-sdk",
]

[[package]]
name = "vexide"
version = "0.8.0"
source = "registry+https://github.com/rust-lang/crates.io-index"
checksum = "7c993f1161bf2f4c852c4bd75e2eff95520d6cc03f3a366285ceb227783bd51e"
dependencies = [
 "vex-sdk",
 "vexide-async",
 "vexide-core",
 "vexide-devices",
 "vexide-macro",
 "vexide-startup",
]

[[package]]
name = "vexide-async"
version = "0.2.0"
source = "registry+https://github.com/rust-lang/crates.io-index"
checksum = "935d1076cb89580f928ad036a1cefe360201e4f1c47120c6e1b35fea5beb6afb"
dependencies = [
 "async-lock",
 "async-task",
 "futures-util",
 "vex-sdk",
 "waker-fn",
]

[[package]]
name = "vexide-core"
version = "0.8.0"
source = "registry+https://github.com/rust-lang/crates.io-index"
checksum = "fd71ec659102e83112e80a652a119629e6a42ed6aa16281c94732f61e4021bd4"
dependencies = [
 "bitflags",
 "futures-core",
 "pin-project",
 "vex-libunwind",
 "vex-sdk",
]

[[package]]
name = "vexide-devices"
version = "0.8.0"
source = "registry+https://github.com/rust-lang/crates.io-index"
checksum = "b2905ccde48b6756ded33f8c160688e7e27c3d804ae038ffa56665cc5f4a8512"
dependencies = [
 "bitflags",
 "bytemuck",
 "libm",
 "mint",
 "rgb",
 "smart-leds-trait",
 "snafu",
 "vex-sdk",
 "vexide-core",
]

[[package]]
name = "vexide-embedded-graphics"
version = "0.1.0"
source = "git+https://github.com/zabackary/vexide-embedded-graphics.git?branch=patch%2Fvexide-0.8.0#e1553602ec9c8c56c5461b82b7d8dd70d7bd2aa8"
dependencies = [
 "embedded-graphics-core",
 "vex-sdk",
 "vexide",
]

[[package]]
name = "vexide-macro"
version = "0.4.0"
source = "registry+https://github.com/rust-lang/crates.io-index"
checksum = "7318b7f3ac08c356b97ef661c7646d1e8bc9202039e2adc8203b582473c086ea"
dependencies = [
 "proc-macro2",
 "quote",
 "syn 2.0.87",
]

[[package]]
name = "vexide-startup"
version = "0.5.0"
source = "registry+https://github.com/rust-lang/crates.io-index"
checksum = "88adb3fa366c8242359e4276c347743e5b9cac1015bb5ef62e14b77b60d7940e"
dependencies = [
 "bitflags",
 "compile-time",
 "talc",
 "vex-libunwind",
 "vex-libunwind-sys",
 "vex-sdk",
 "vex-sdk-jumptable",
 "vex-sdk-mock",
 "vexide-core",
]

[[package]]
name = "waker-fn"
version = "1.2.0"
source = "registry+https://github.com/rust-lang/crates.io-index"
checksum = "317211a0dc0ceedd78fb2ca9a44aed3d7b9b26f81870d485c07122b4350673b7"

[[package]]
name = "zerocopy"
version = "0.8.27"
source = "registry+https://github.com/rust-lang/crates.io-index"
checksum = "0894878a5fa3edfd6da3f88c4805f4c8558e2b996227a3d864f47fe11e38282c"
dependencies = [
 "zerocopy-derive",
]

[[package]]
name = "zerocopy-derive"
version = "0.8.27"
source = "registry+https://github.com/rust-lang/crates.io-index"
checksum = "88d2b8d9c68ad2b9e4340d7832716a4d21a22a1154777ad56ea55c51a9cf3831"
dependencies = [
 "proc-macro2",
 "quote",
 "syn 2.0.87",
]
